
Microsoft Visual Studio Solution File, Format Version 12.00
# Visual Studio Version 17
VisualStudioVersion = 17.3.32825.248
MinimumVisualStudioVersion = 10.0.40219.1
Project("{FAE04EC0-301F-11D3-BF4B-00C04F79EFBC}") = "taskmange", "taskmange.csproj", "{0BD966F3-3E43-4DAA-83BA-A0BAB67F583C}"
EndProject
Global
	GlobalSection(SolutionConfigurationPlatforms) = preSolution
		Debug|Any CPU = Debug|Any CPU
		Release|Any CPU = Release|Any CPU
	EndGlobalSection
	GlobalSection(ProjectConfigurationPlatforms) = postSolution
		{0BD966F3-3E43-4DAA-83BA-A0BAB67F583C}.Debug|Any CPU.ActiveCfg = Debug|Any CPU
		{0BD966F3-3E43-4DAA-83BA-A0BAB67F583C}.Debug|Any CPU.Build.0 = Debug|Any CPU
		{0BD966F3-3E43-4DAA-83BA-A0BAB67F583C}.Release|Any CPU.ActiveCfg = Release|Any CPU
		{0BD966F3-3E43-4DAA-83BA-A0BAB67F583C}.Release|Any CPU.Build.0 = Release|Any CPU
	EndGlobalSection
	GlobalSection(SolutionProperties) = preSolution
		HideSolutionNode = FALSE
	EndGlobalSection
	GlobalSection(ExtensibilityGlobals) = postSolution
		SolutionGuid = {939249D6-BEE1-4E51-9B45-3ED9900B6842}
	EndGlobalSection
EndGlobal
